// !$*UTF8*$!
{
	archiveVersion = 1;
	classes = {
	};
	objectVersion = 56;
	objects = {

/* Begin PBXBuildFile section */
		A100000001000001 /* UnitConverterApp.swift in Sources */ = {isa = PBXBuildFile; fileRef = A100000001000010 /* UnitConverterApp.swift */; };
		A100000001000002 /* ContentView.swift in Sources */ = {isa = PBXBuildFile; fileRef = A100000001000011 /* ContentView.swift */; };
		A100000001000003 /* UnitConverterTests.swift in Sources */ = {isa = PBXBuildFile; fileRef = A100000001000012 /* UnitConverterTests.swift */; };
		A100000002000001 /* Coordinate.swift in Sources */ = {isa = PBXBuildFile; fileRef = A100000002000010 /* Coordinate.swift */; };
		A100000002000002 /* CoordinateFormat.swift in Sources */ = {isa = PBXBuildFile; fileRef = A100000002000011 /* CoordinateFormat.swift */; };
		A100000002000003 /* CoordinateConverter.swift in Sources */ = {isa = PBXBuildFile; fileRef = A100000002000012 /* CoordinateConverter.swift */; };
		A100000002000004 /* DDConverter.swift in Sources */ = {isa = PBXBuildFile; fileRef = A100000002000013 /* DDConverter.swift */; };
		A100000002000005 /* DDMConverter.swift in Sources */ = {isa = PBXBuildFile; fileRef = A100000002000014 /* DDMConverter.swift */; };
		A100000002000006 /* DMSConverter.swift in Sources */ = {isa = PBXBuildFile; fileRef = A100000002000015 /* DMSConverter.swift */; };
		A100000002000007 /* DDConverterTests.swift in Sources */ = {isa = PBXBuildFile; fileRef = A100000002000016 /* DDConverterTests.swift */; };
		A100000002000008 /* DDMConverterTests.swift in Sources */ = {isa = PBXBuildFile; fileRef = A100000002000017 /* DDMConverterTests.swift */; };
		A100000002000009 /* DMSConverterTests.swift in Sources */ = {isa = PBXBuildFile; fileRef = A100000002000018 /* DMSConverterTests.swift */; };
		A100000004000001 /* UTMConverter.swift in Sources */ = {isa = PBXBuildFile; fileRef = A100000004000010 /* UTMConverter.swift */; };
		A100000004000002 /* MGRSConverter.swift in Sources */ = {isa = PBXBuildFile; fileRef = A100000004000011 /* MGRSConverter.swift */; };
		A100000004000003 /* UTMConverterTests.swift in Sources */ = {isa = PBXBuildFile; fileRef = A100000004000012 /* UTMConverterTests.swift */; };
		A100000004000004 /* MGRSConverterTests.swift in Sources */ = {isa = PBXBuildFile; fileRef = A100000004000013 /* MGRSConverterTests.swift */; };
		A100000005000001 /* PlusCodeConverter.swift in Sources */ = {isa = PBXBuildFile; fileRef = A100000005000010 /* PlusCodeConverter.swift */; };
		A100000005000002 /* PlusCodeConverterTests.swift in Sources */ = {isa = PBXBuildFile; fileRef = A100000005000011 /* PlusCodeConverterTests.swift */; };
		A100000003000001 /* Assets.xcassets in Resources */ = {isa = PBXBuildFile; fileRef = A100000003000010 /* Assets.xcassets */; };
/* End PBXBuildFile section */

/* Begin PBXContainerItemProxy section */
		A100000001000080 /* PBXContainerItemProxy */ = {
			isa = PBXContainerItemProxy;
			containerPortal = A100000001000070 /* Project object */;
			proxyType = 1;
			remoteGlobalIDString = A100000001000030;
			remoteInfo = UnitConverter;
		};
/* End PBXContainerItemProxy section */

/* Begin PBXFileReference section */
		A100000001000010 /* UnitConverterApp.swift */ = {isa = PBXFileReference; lastKnownFileType = sourcecode.swift; path = UnitConverterApp.swift; sourceTree = "<group>"; };
		A100000001000011 /* ContentView.swift */ = {isa = PBXFileReference; lastKnownFileType = sourcecode.swift; path = ContentView.swift; sourceTree = "<group>"; };
		A100000001000012 /* UnitConverterTests.swift */ = {isa = PBXFileReference; lastKnownFileType = sourcecode.swift; path = UnitConverterTests.swift; sourceTree = "<group>"; };
		A100000001000040 /* UnitConverter.app */ = {isa = PBXFileReference; explicitFileType = wrapper.application; includeInIndex = 0; path = UnitConverter.app; sourceTree = BUILT_PRODUCTS_DIR; };
		A100000001000041 /* UnitConverterTests.xctest */ = {isa = PBXFileReference; explicitFileType = wrapper.cfbundle; includeInIndex = 0; path = UnitConverterTests.xctest; sourceTree = BUILT_PRODUCTS_DIR; };
		A100000002000010 /* Coordinate.swift */ = {isa = PBXFileReference; lastKnownFileType = sourcecode.swift; path = Coordinate.swift; sourceTree = "<group>"; };
		A100000002000011 /* CoordinateFormat.swift */ = {isa = PBXFileReference; lastKnownFileType = sourcecode.swift; path = CoordinateFormat.swift; sourceTree = "<group>"; };
		A100000002000012 /* CoordinateConverter.swift */ = {isa = PBXFileReference; lastKnownFileType = sourcecode.swift; path = CoordinateConverter.swift; sourceTree = "<group>"; };
		A100000002000013 /* DDConverter.swift */ = {isa = PBXFileReference; lastKnownFileType = sourcecode.swift; path = DDConverter.swift; sourceTree = "<group>"; };
		A100000002000014 /* DDMConverter.swift */ = {isa = PBXFileReference; lastKnownFileType = sourcecode.swift; path = DDMConverter.swift; sourceTree = "<group>"; };
		A100000002000015 /* DMSConverter.swift */ = {isa = PBXFileReference; lastKnownFileType = sourcecode.swift; path = DMSConverter.swift; sourceTree = "<group>"; };
		A100000002000016 /* DDConverterTests.swift */ = {isa = PBXFileReference; lastKnownFileType = sourcecode.swift; path = DDConverterTests.swift; sourceTree = "<group>"; };
		A100000002000017 /* DDMConverterTests.swift */ = {isa = PBXFileReference; lastKnownFileType = sourcecode.swift; path = DDMConverterTests.swift; sourceTree = "<group>"; };
		A100000002000018 /* DMSConverterTests.swift */ = {isa = PBXFileReference; lastKnownFileType = sourcecode.swift; path = DMSConverterTests.swift; sourceTree = "<group>"; };
		A100000003000010 /* Assets.xcassets */ = {isa = PBXFileReference; lastKnownFileType = folder.assetcatalog; path = Assets.xcassets; sourceTree = "<group>"; };
		A100000004000010 /* UTMConverter.swift */ = {isa = PBXFileReference; lastKnownFileType = sourcecode.swift; path = UTMConverter.swift; sourceTree = "<group>"; };
		A100000004000011 /* MGRSConverter.swift */ = {isa = PBXFileReference; lastKnownFileType = sourcecode.swift; path = MGRSConverter.swift; sourceTree = "<group>"; };
		A100000004000012 /* UTMConverterTests.swift */ = {isa = PBXFileReference; lastKnownFileType = sourcecode.swift; path = UTMConverterTests.swift; sourceTree = "<group>"; };
		A100000004000013 /* MGRSConverterTests.swift */ = {isa = PBXFileReference; lastKnownFileType = sourcecode.swift; path = MGRSConverterTests.swift; sourceTree = "<group>"; };
		A100000005000010 /* PlusCodeConverter.swift */ = {isa = PBXFileReference; lastKnownFileType = sourcecode.swift; path = PlusCodeConverter.swift; sourceTree = "<group>"; };
		A100000005000011 /* PlusCodeConverterTests.swift */ = {isa = PBXFileReference; lastKnownFileType = sourcecode.swift; path = PlusCodeConverterTests.swift; sourceTree = "<group>"; };
/* End PBXFileReference section */

/* Begin PBXFrameworksBuildPhase section */
		A100000001000051 /* Frameworks */ = {
			isa = PBXFrameworksBuildPhase;
			buildActionMask = 2147483647;
			files = (
			);
			runOnlyForDeploymentPostprocessing = 0;
		};
		A100000001000054 /* Frameworks */ = {
			isa = PBXFrameworksBuildPhase;
			buildActionMask = 2147483647;
			files = (
			);
			runOnlyForDeploymentPostprocessing = 0;
		};
/* End PBXFrameworksBuildPhase section */

/* Begin PBXGroup section */
		A100000001000020 /* root */ = {
			isa = PBXGroup;
			children = (
				A100000001000021 /* UnitConverter */,
				A100000001000022 /* UnitConverterTests */,
				A100000001000023 /* Products */,
			);
			sourceTree = "<group>";
		};
		A100000001000021 /* UnitConverter */ = {
			isa = PBXGroup;
			children = (
				A100000001000010 /* UnitConverterApp.swift */,
				A100000001000011 /* ContentView.swift */,
				A100000003000010 /* Assets.xcassets */,
				A100000002000020 /* Models */,
				A100000002000021 /* Converters */,
			);
			path = UnitConverter;
			sourceTree = "<group>";
		};
		A100000002000020 /* Models */ = {
			isa = PBXGroup;
			children = (
				A100000002000010 /* Coordinate.swift */,
				A100000002000011 /* CoordinateFormat.swift */,
			);
			path = Models;
			sourceTree = "<group>";
		};
		A100000002000021 /* Converters */ = {
			isa = PBXGroup;
			children = (
				A100000002000012 /* CoordinateConverter.swift */,
				A100000002000013 /* DDConverter.swift */,
				A100000002000014 /* DDMConverter.swift */,
				A100000002000015 /* DMSConverter.swift */,
				A100000004000010 /* UTMConverter.swift */,
				A100000004000011 /* MGRSConverter.swift */,
				A100000005000010 /* PlusCodeConverter.swift */,
			);
			path = Converters;
			sourceTree = "<group>";
		};
		A100000001000022 /* UnitConverterTests */ = {
			isa = PBXGroup;
			children = (
				A100000001000012 /* UnitConverterTests.swift */,
				A100000002000022 /* Converters */,
			);
			path = UnitConverterTests;
			sourceTree = "<group>";
		};
		A100000002000022 /* Converters */ = {
			isa = PBXGroup;
			children = (
				A100000002000016 /* DDConverterTests.swift */,
				A100000002000017 /* DDMConverterTests.swift */,
				A100000002000018 /* DMSConverterTests.swift */,
				A100000004000012 /* UTMConverterTests.swift */,
				A100000004000013 /* MGRSConverterTests.swift */,
				A100000005000011 /* PlusCodeConverterTests.swift */,
			);
			path = Converters;
			sourceTree = "<group>";
		};
		A100000001000023 /* Products */ = {
			isa = PBXGroup;
			children = (
				A100000001000040 /* UnitConverter.app */,
				A100000001000041 /* UnitConverterTests.xctest */,
			);
			name = Products;
			sourceTree = "<group>";
		};
/* End PBXGroup section */

/* Begin PBXNativeTarget section */
		A100000001000030 /* UnitConverter */ = {
			isa = PBXNativeTarget;
			buildConfigurationList = A100000001000065 /* Build configuration list for PBXNativeTarget "UnitConverter" */;
			buildPhases = (
				A100000001000050 /* Sources */,
				A100000001000051 /* Frameworks */,
				A100000001000052 /* Resources */,
			);
			buildRules = (
			);
			dependencies = (
			);
			name = UnitConverter;
			productName = UnitConverter;
			productReference = A100000001000040 /* UnitConverter.app */;
			productType = "com.apple.product-type.application";
		};
		A100000001000031 /* UnitConverterTests */ = {
			isa = PBXNativeTarget;
			buildConfigurationList = A100000001000068 /* Build configuration list for PBXNativeTarget "UnitConverterTests" */;
			buildPhases = (
				A100000001000053 /* Sources */,
				A100000001000054 /* Frameworks */,
				A100000001000055 /* Resources */,
			);
			buildRules = (
			);
			dependencies = (
				A100000001000081 /* PBXTargetDependency */,
			);
			name = UnitConverterTests;
			productName = UnitConverterTests;
			productReference = A100000001000041 /* UnitConverterTests.xctest */;
			productType = "com.apple.product-type.bundle.unit-test";
		};
/* End PBXNativeTarget section */

/* Begin PBXProject section */
		A100000001000070 /* Project object */ = {
			isa = PBXProject;
			attributes = {
				BuildIndependentTargetsInParallel = 1;
				LastSwiftUpdateCheck = 1620;
				LastUpgradeCheck = 1620;
				TargetAttributes = {
					A100000001000030 = {
						CreatedOnToolsVersion = 16.2;
					};
					A100000001000031 = {
						CreatedOnToolsVersion = 16.2;
						TestTargetID = A100000001000030;
					};
				};
			};
			buildConfigurationList = A100000001000062 /* Build configuration list for PBXProject "UnitConverter" */;
			compatibilityVersion = "Xcode 14.0";
			developmentRegion = en;
			hasScannedForEncodings = 0;
			knownRegions = (
				en,
				Base,
			);
			mainGroup = A100000001000020 /* root */;
			productRefGroup = A100000001000023 /* Products */;
			projectDirPath = "";
			projectRoot = "";
			targets = (
				A100000001000030 /* UnitConverter */,
				A100000001000031 /* UnitConverterTests */,
			);
		};
/* End PBXProject section */

/* Begin PBXResourcesBuildPhase section */
		A100000001000052 /* Resources */ = {
			isa = PBXResourcesBuildPhase;
			buildActionMask = 2147483647;
			files = (
				A100000003000001 /* Assets.xcassets in Resources */,
			);
			runOnlyForDeploymentPostprocessing = 0;
		};
		A100000001000055 /* Resources */ = {
			isa = PBXResourcesBuildPhase;
			buildActionMask = 2147483647;
			files = (
			);
			runOnlyForDeploymentPostprocessing = 0;
		};
/* End PBXResourcesBuildPhase section */

/* Begin PBXSourcesBuildPhase section */
		A100000001000050 /* Sources */ = {
			isa = PBXSourcesBuildPhase;
			buildActionMask = 2147483647;
			files = (
				A100000001000001 /* UnitConverterApp.swift in Sources */,
				A100000001000002 /* ContentView.swift in Sources */,
				A100000002000001 /* Coordinate.swift in Sources */,
				A100000002000002 /* CoordinateFormat.swift in Sources */,
				A100000002000003 /* CoordinateConverter.swift in Sources */,
				A100000002000004 /* DDConverter.swift in Sources */,
				A100000002000005 /* DDMConverter.swift in Sources */,
				A100000002000006 /* DMSConverter.swift in Sources */,
				A100000004000001 /* UTMConverter.swift in Sources */,
				A100000004000002 /* MGRSConverter.swift in Sources */,
				A100000005000001 /* PlusCodeConverter.swift in Sources */,
			);
			runOnlyForDeploymentPostprocessing = 0;
		};
		A100000001000053 /* Sources */ = {
			isa = PBXSourcesBuildPhase;
			buildActionMask = 2147483647;
			files = (
				A100000001000003 /* UnitConverterTests.swift in Sources */,
				A100000002000007 /* DDConverterTests.swift in Sources */,
				A100000002000008 /* DDMConverterTests.swift in Sources */,
				A100000002000009 /* DMSConverterTests.swift in Sources */,
				A100000004000003 /* UTMConverterTests.swift in Sources */,
				A100000004000004 /* MGRSConverterTests.swift in Sources */,
				A100000005000002 /* PlusCodeConverterTests.swift in Sources */,
			);
			runOnlyForDeploymentPostprocessing = 0;
		};
/* End PBXSourcesBuildPhase section */

/* Begin PBXTargetDependency section */
		A100000001000081 /* PBXTargetDependency */ = {
			isa = PBXTargetDependency;
			target = A100000001000030 /* UnitConverter */;
			targetProxy = A100000001000080 /* PBXContainerItemProxy */;
		};
/* End PBXTargetDependency section */

/* Begin XCBuildConfiguration section */
		A100000001000060 /* Debug */ = {
			isa = XCBuildConfiguration;
			buildSettings = {
				ALWAYS_SEARCH_USER_PATHS = NO;
				ASSETCATALOG_COMPILER_GENERATE_SWIFT_ASSET_SYMBOL_EXTENSIONS = YES;
				CLANG_ANALYZER_NONNULL = YES;
				CLANG_ANALYZER_NUMBER_OBJECT_CONVERSION = YES_AGGRESSIVE;
				CLANG_CXX_LANGUAGE_STANDARD = "gnu++20";
				CLANG_ENABLE_MODULES = YES;
				CLANG_ENABLE_OBJC_ARC = YES;
				CLANG_ENABLE_OBJC_WEAK = YES;
				CLANG_WARN_BLOCK_CAPTURE_AUTORELEASING = YES;
				CLANG_WARN_BOOL_CONVERSION = YES;
				CLANG_WARN_COMMA = YES;
				CLANG_WARN_CONSTANT_CONVERSION = YES;
				CLANG_WARN_DEPRECATED_OBJC_IMPLEMENTATIONS = YES;
				CLANG_WARN_DIRECT_OBJC_ISA_USAGE = YES_ERROR;
				CLANG_WARN_DOCUMENTATION_COMMENTS = YES;
				CLANG_WARN_EMPTY_BODY = YES;
				CLANG_WARN_ENUM_CONVERSION = YES;
				CLANG_WARN_INFINITE_RECURSION = YES;
				CLANG_WARN_INT_CONVERSION = YES;
				CLANG_WARN_NON_LITERAL_NULL_CONVERSION = YES;
				CLANG_WARN_OBJC_IMPLICIT_RETAIN_SELF = YES;
				CLANG_WARN_OBJC_LITERAL_CONVERSION = YES;
				CLANG_WARN_OBJC_ROOT_CLASS = YES_ERROR;
				CLANG_WARN_QUOTED_INCLUDE_IN_FRAMEWORK_HEADER = YES;
				CLANG_WARN_RANGE_LOOP_ANALYSIS = YES;
				CLANG_WARN_STRICT_PROTOTYPES = YES;
				CLANG_WARN_SUSPICIOUS_MOVE = YES;
				CLANG_WARN_UNGUARDED_AVAILABILITY = YES_AGGRESSIVE;
				CLANG_WARN_UNREACHABLE_CODE = YES;
				CLANG_WARN__DUPLICATE_METHOD_MATCH = YES;
				COPY_PHASE_STRIP = NO;
				DEBUG_INFORMATION_FORMAT = dwarf;
				ENABLE_STRICT_OBJC_MSGSEND = YES;
				ENABLE_TESTABILITY = YES;
				ENABLE_USER_SCRIPT_SANDBOXING = YES;
				GCC_C_LANGUAGE_STANDARD = gnu17;
				GCC_DYNAMIC_NO_PIC = NO;
				GCC_NO_COMMON_BLOCKS = YES;
				GCC_OPTIMIZATION_LEVEL = 0;
				GCC_PREPROCESSOR_DEFINITIONS = (
					"DEBUG=1",
					"$(inherited)",
				);
				GCC_WARN_64_TO_32_BIT_CONVERSION = YES;
				GCC_WARN_ABOUT_RETURN_TYPE = YES_ERROR;
				GCC_WARN_UNDECLARED_SELECTOR = YES;
				GCC_WARN_UNINITIALIZED_AUTOS = YES_AGGRESSIVE;
				GCC_WARN_UNUSED_FUNCTION = YES;
				GCC_WARN_UNUSED_VARIABLE = YES;
				IPHONEOS_DEPLOYMENT_TARGET = 17.0;
				LOCALIZATION_PREFERS_STRING_CATALOGS = YES;
				MTL_ENABLE_DEBUG_INFO = INCLUDE_SOURCE;
				MTL_FAST_MATH = YES;
				ONLY_ACTIVE_ARCH = YES;
				SDKROOT = iphoneos;
				SWIFT_ACTIVE_COMPILATION_CONDITIONS = "$(inherited) DEBUG";
				SWIFT_OPTIMIZATION_LEVEL = "-Onone";
				SWIFT_VERSION = 5.0;
			};
			name = Debug;
		};
		A100000001000061 /* Release */ = {
			isa = XCBuildConfiguration;
			buildSettings = {
				ALWAYS_SEARCH_USER_PATHS = NO;
				ASSETCATALOG_COMPILER_GENERATE_SWIFT_ASSET_SYMBOL_EXTENSIONS = YES;
				CLANG_ANALYZER_NONNULL = YES;
				CLANG_ANALYZER_NUMBER_OBJECT_CONVERSION = YES_AGGRESSIVE;
				CLANG_CXX_LANGUAGE_STANDARD = "gnu++20";
				CLANG_ENABLE_MODULES = YES;
				CLANG_ENABLE_OBJC_ARC = YES;
				CLANG_ENABLE_OBJC_WEAK = YES;
				CLANG_WARN_BLOCK_CAPTURE_AUTORELEASING = YES;
				CLANG_WARN_BOOL_CONVERSION = YES;
				CLANG_WARN_COMMA = YES;
				CLANG_WARN_CONSTANT_CONVERSION = YES;
				CLANG_WARN_DEPRECATED_OBJC_IMPLEMENTATIONS = YES;
				CLANG_WARN_DIRECT_OBJC_ISA_USAGE = YES_ERROR;
				CLANG_WARN_DOCUMENTATION_COMMENTS = YES;
				CLANG_WARN_EMPTY_BODY = YES;
				CLANG_WARN_ENUM_CONVERSION = YES;
				CLANG_WARN_INFINITE_RECURSION = YES;
				CLANG_WARN_INT_CONVERSION = YES;
				CLANG_WARN_NON_LITERAL_NULL_CONVERSION = YES;
				CLANG_WARN_OBJC_IMPLICIT_RETAIN_SELF = YES;
				CLANG_WARN_OBJC_LITERAL_CONVERSION = YES;
				CLANG_WARN_OBJC_ROOT_CLASS = YES_ERROR;
				CLANG_WARN_QUOTED_INCLUDE_IN_FRAMEWORK_HEADER = YES;
				CLANG_WARN_RANGE_LOOP_ANALYSIS = YES;
				CLANG_WARN_STRICT_PROTOTYPES = YES;
				CLANG_WARN_SUSPICIOUS_MOVE = YES;
				CLANG_WARN_UNGUARDED_AVAILABILITY = YES_AGGRESSIVE;
				CLANG_WARN_UNREACHABLE_CODE = YES;
				CLANG_WARN__DUPLICATE_METHOD_MATCH = YES;
				COPY_PHASE_STRIP = NO;
				DEBUG_INFORMATION_FORMAT = "dwarf-with-dsym";
				ENABLE_NS_ASSERTIONS = NO;
				ENABLE_STRICT_OBJC_MSGSEND = YES;
				ENABLE_USER_SCRIPT_SANDBOXING = YES;
				GCC_C_LANGUAGE_STANDARD = gnu17;
				GCC_NO_COMMON_BLOCKS = YES;
				GCC_WARN_64_TO_32_BIT_CONVERSION = YES;
				GCC_WARN_ABOUT_RETURN_TYPE = YES_ERROR;
				GCC_WARN_UNDECLARED_SELECTOR = YES;
				GCC_WARN_UNINITIALIZED_AUTOS = YES_AGGRESSIVE;
				GCC_WARN_UNUSED_FUNCTION = YES;
				GCC_WARN_UNUSED_VARIABLE = YES;
				IPHONEOS_DEPLOYMENT_TARGET = 17.0;
				LOCALIZATION_PREFERS_STRING_CATALOGS = YES;
				MTL_FAST_MATH = YES;
				SDKROOT = iphoneos;
				SWIFT_COMPILATION_MODE = wholemodule;
				SWIFT_VERSION = 5.0;
				VALIDATE_PRODUCT = YES;
			};
			name = Release;
		};
		A100000001000063 /* Debug */ = {
			isa = XCBuildConfiguration;
			buildSettings = {
				ASSETCATALOG_COMPILER_APPICON_NAME = AppIcon;
				ASSETCATALOG_COMPILER_GLOBAL_ACCENT_COLOR_NAME = AccentColor;
				CODE_SIGN_STYLE = Automatic;
				CURRENT_PROJECT_VERSION = 1;
				DEVELOPMENT_TEAM = NU98D7J463;
				GENERATE_INFOPLIST_FILE = YES;
				INFOPLIST_KEY_UIApplicationSceneManifest_Generation = YES;
				INFOPLIST_KEY_UIApplicationSupportsIndirectInputEvents = YES;
				INFOPLIST_KEY_UILaunchScreen_Generation = YES;
				INFOPLIST_KEY_UISupportedInterfaceOrientations_iPad = "UIInterfaceOrientationPortrait UIInterfaceOrientationPortraitUpsideDown UIInterfaceOrientationLandscapeLeft UIInterfaceOrientationLandscapeRight";
				INFOPLIST_KEY_UISupportedInterfaceOrientations_iPhone = "UIInterfaceOrientationPortrait UIInterfaceOrientationLandscapeLeft UIInterfaceOrientationLandscapeRight";
				LD_RUNPATH_SEARCH_PATHS = (
					"$(inherited)",
					"@executable_path/Frameworks",
				);
				MARKETING_VERSION = 1.0;
				PRODUCT_BUNDLE_IDENTIFIER = "com.evanmacdonald.unit-converter";
				PRODUCT_NAME = "$(TARGET_NAME)";
				SWIFT_EMIT_LOC_STRINGS = YES;
				SWIFT_VERSION = 5.0;
				TARGETED_DEVICE_FAMILY = "1,2";
			};
			name = Debug;
		};
		A100000001000064 /* Release */ = {
			isa = XCBuildConfiguration;
			buildSettings = {
				ASSETCATALOG_COMPILER_APPICON_NAME = AppIcon;
				ASSETCATALOG_COMPILER_GLOBAL_ACCENT_COLOR_NAME = AccentColor;
				CODE_SIGN_IDENTITY = "Apple Distribution";
				CODE_SIGN_STYLE = Manual;
				CURRENT_PROJECT_VERSION = 1;
				DEVELOPMENT_TEAM = NU98D7J463;
				PROVISIONING_PROFILE_SPECIFIER = "match AppStore com.evanmacdonald.unit-converter";
				GENERATE_INFOPLIST_FILE = YES;
				INFOPLIST_KEY_UIApplicationSceneManifest_Generation = YES;
				INFOPLIST_KEY_UIApplicationSupportsIndirectInputEvents = YES;
				INFOPLIST_KEY_UILaunchScreen_Generation = YES;
				INFOPLIST_KEY_UISupportedInterfaceOrientations_iPad = "UIInterfaceOrientationPortrait UIInterfaceOrientationPortraitUpsideDown UIInterfaceOrientationLandscapeLeft UIInterfaceOrientationLandscapeRight";
				INFOPLIST_KEY_UISupportedInterfaceOrientations_iPhone = "UIInterfaceOrientationPortrait UIInterfaceOrientationLandscapeLeft UIInterfaceOrientationLandscapeRight";
				LD_RUNPATH_SEARCH_PATHS = (
					"$(inherited)",
					"@executable_path/Frameworks",
				);
				MARKETING_VERSION = 1.0;
				PRODUCT_BUNDLE_IDENTIFIER = "com.evanmacdonald.unit-converter";
				PRODUCT_NAME = "$(TARGET_NAME)";
				SWIFT_EMIT_LOC_STRINGS = YES;
				SWIFT_VERSION = 5.0;
				TARGETED_DEVICE_FAMILY = "1,2";
			};
			name = Release;
		};
		A100000001000066 /* Debug */ = {
			isa = XCBuildConfiguration;
			buildSettings = {
				BUNDLE_LOADER = "$(TEST_HOST)";
				CODE_SIGN_STYLE = Automatic;
				CURRENT_PROJECT_VERSION = 1;
				DEVELOPMENT_TEAM = "";
				GENERATE_INFOPLIST_FILE = YES;
				IPHONEOS_DEPLOYMENT_TARGET = 17.0;
				MARKETING_VERSION = 1.0;
				PRODUCT_BUNDLE_IDENTIFIER = "com.evanmacdonald.unit-converter.tests";
				PRODUCT_NAME = "$(TARGET_NAME)";
				SWIFT_EMIT_LOC_STRINGS = NO;
				SWIFT_VERSION = 5.0;
				TARGETED_DEVICE_FAMILY = "1,2";
				TEST_HOST = "$(BUILT_PRODUCTS_DIR)/UnitConverter.app/$(BUNDLE_EXECUTABLE_FOLDER_PATH)/UnitConverter";
			};
			name = Debug;
		};
		A100000001000067 /* Release */ = {
			isa = XCBuildConfiguration;
			buildSettings = {
				BUNDLE_LOADER = "$(TEST_HOST)";
				CODE_SIGN_STYLE = Automatic;
				CURRENT_PROJECT_VERSION = 1;
				DEVELOPMENT_TEAM = "";
				GENERATE_INFOPLIST_FILE = YES;
				IPHONEOS_DEPLOYMENT_TARGET = 17.0;
				MARKETING_VERSION = 1.0;
				PRODUCT_BUNDLE_IDENTIFIER = "com.evanmacdonald.unit-converter.tests";
				PRODUCT_NAME = "$(TARGET_NAME)";
				SWIFT_EMIT_LOC_STRINGS = NO;
				SWIFT_VERSION = 5.0;
				TARGETED_DEVICE_FAMILY = "1,2";
				TEST_HOST = "$(BUILT_PRODUCTS_DIR)/UnitConverter.app/$(BUNDLE_EXECUTABLE_FOLDER_PATH)/UnitConverter";
			};
			name = Release;
		};
/* End XCBuildConfiguration section */

/* Begin XCConfigurationList section */
		A100000001000062 /* Build configuration list for PBXProject "UnitConverter" */ = {
			isa = XCConfigurationList;
			buildConfigurations = (
				A100000001000060 /* Debug */,
				A100000001000061 /* Release */,
			);
			defaultConfigurationIsVisible = 0;
			defaultConfigurationName = Release;
		};
		A100000001000065 /* Build configuration list for PBXNativeTarget "UnitConverter" */ = {
			isa = XCConfigurationList;
			buildConfigurations = (
				A100000001000063 /* Debug */,
				A100000001000064 /* Release */,
			);
			defaultConfigurationIsVisible = 0;
			defaultConfigurationName = Release;
		};
		A100000001000068 /* Build configuration list for PBXNativeTarget "UnitConverterTests" */ = {
			isa = XCConfigurationList;
			buildConfigurations = (
				A100000001000066 /* Debug */,
				A100000001000067 /* Release */,
			);
			defaultConfigurationIsVisible = 0;
			defaultConfigurationName = Release;
		};
/* End XCConfigurationList section */

	};
	rootObject = A100000001000070 /* Project object */;
}
